
Microsoft Visual Studio Solution File, Format Version 12.00
# Visual Studio Express 14 for Web
VisualStudioVersion = 14.0.25420.1
MinimumVisualStudioVersion = 10.0.40219.1
Project("{FAE04EC0-301F-11D3-BF4B-00C04F79EFBC}") = "MyApplication", "MyApplication\MyApplication.csproj", "{56C08F2D-2F9E-41EB-A23F-C6FCBD076B3F}"
EndProject
Project("{FAE04EC0-301F-11D3-BF4B-00C04F79EFBC}") = "DataAccessLayer", "DataAccessLayer\DataAccessLayer.csproj", "{1B7049BA-186C-4A66-833B-A2FF49DB2BDB}"
EndProject
Global
	GlobalSection(SolutionConfigurationPlatforms) = preSolution
		Debug|Any CPU = Debug|Any CPU
		Release|Any CPU = Release|Any CPU
	EndGlobalSection
	GlobalSection(ProjectConfigurationPlatforms) = postSolution
		{56C08F2D-2F9E-41EB-A23F-C6FCBD076B3F}.Debug|Any CPU.ActiveCfg = Debug|Any CPU
		{56C08F2D-2F9E-41EB-A23F-C6FCBD076B3F}.Debug|Any CPU.Build.0 = Debug|Any CPU
		{56C08F2D-2F9E-41EB-A23F-C6FCBD076B3F}.Release|Any CPU.ActiveCfg = Release|Any CPU
		{56C08F2D-2F9E-41EB-A23F-C6FCBD076B3F}.Release|Any CPU.Build.0 = Release|Any CPU
		{1B7049BA-186C-4A66-833B-A2FF49DB2BDB}.Debug|Any CPU.ActiveCfg = Debug|Any CPU
		{1B7049BA-186C-4A66-833B-A2FF49DB2BDB}.Debug|Any CPU.Build.0 = Debug|Any CPU
		{1B7049BA-186C-4A66-833B-A2FF49DB2BDB}.Release|Any CPU.ActiveCfg = Release|Any CPU
		{1B7049BA-186C-4A66-833B-A2FF49DB2BDB}.Release|Any CPU.Build.0 = Release|Any CPU
	EndGlobalSection
	GlobalSection(SolutionProperties) = preSolution
		HideSolutionNode = FALSE
	EndGlobalSection
EndGlobal
